
Microsoft Visual Studio Solution File, Format Version 12.00
# Visual Studio Version 17
VisualStudioVersion = 17.2.32422.2
MinimumVisualStudioVersion = 10.0.40219.1
Project("{FAE04EC0-301F-11D3-BF4B-00C04F79EFBC}") = "ToDo", "ToDo\ToDo.csproj", "{7C647F44-CC35-42F1-A7B1-BE0B8ABF77D5}"
EndProject
Global
	GlobalSection(SolutionConfigurationPlatforms) = preSolution
		Debug|Any CPU = Debug|Any CPU
		Release|Any CPU = Release|Any CPU
	EndGlobalSection
	GlobalSection(ProjectConfigurationPlatforms) = postSolution
		{7C647F44-CC35-42F1-A7B1-BE0B8ABF77D5}.Debug|Any CPU.ActiveCfg = Debug|Any CPU
		{7C647F44-CC35-42F1-A7B1-BE0B8ABF77D5}.Debug|Any CPU.Build.0 = Debug|Any CPU
		{7C647F44-CC35-42F1-A7B1-BE0B8ABF77D5}.Release|Any CPU.ActiveCfg = Release|Any CPU
		{7C647F44-CC35-42F1-A7B1-BE0B8ABF77D5}.Release|Any CPU.Build.0 = Release|Any CPU
	EndGlobalSection
	GlobalSection(SolutionProperties) = preSolution
		HideSolutionNode = FALSE
	EndGlobalSection
	GlobalSection(ExtensibilityGlobals) = postSolution
		SolutionGuid = {E0ABDC09-B64D-4725-917F-1499678781D5}
	EndGlobalSection
EndGlobal
